<?xml version="1.0" encoding="utf-8"?>
<Project ToolsVersion="4.0" xmlns="http://schemas.microsoft.com/developer/msbuild/2003">
  <ItemGroup>
    <Filter Include="Source Files">
      <UniqueIdentifier>{4FC737F1-C7A5-4376-A066-2A32D752A2FF}</UniqueIdentifier>
      <Extensions>cpp;c;cc;cxx;c++;cppm;ixx;def;odl;idl;hpj;bat;asm;asmx</Extensions>
    </Filter>
    <Filter Include="Header Files">
      <UniqueIdentifier>{93995380-89BD-4b04-88EB-625FBE52EBFB}</UniqueIdentifier>
      <Extensions>h;hh;hpp;hxx;h++;hm;inl;inc;ipp;xsd</Extensions>
    </Filter>
    <Filter Include="Resource Files">
      <UniqueIdentifier>{67DA6AB6-F800-4c08-8B7A-83BB121AAD01}</UniqueIdentifier>
      <Extensions>rc;ico;cur;bmp;dlg;rc2;rct;bin;rgs;gif;jpg;jpeg;jpe;resx;tiff;tif;png;wav;mfcribbon-ms</Extensions>
    </Filter>
  </ItemGroup>
  <ItemGroup>
    <ClCompile Include="source\main.cpp">
      <Filter>Source Files</Filter>
    </ClCompile>
    <ClCompile Include="source\client\framework\network\client.cpp">
      <Filter>Source Files</Filter>
    </ClCompile>
    <ClCompile Include="source\client\framework\network\client_scene.cpp">
      <Filter>Source Files</Filter>
    </ClCompile>
    <ClCompile Include="source\client\game_client.cpp">
      <Filter>Source Files</Filter>
    </ClCompile>
    <ClCompile Include="source\client\lobby_scene.cpp">
      <Filter>Source Files</Filter>
    </ClCompile>
    <ClCompile Include="source\client\play_scene.cpp">
      <Filter>Source Files</Filter>
    </ClCompile>
    <ClCompile Include="source\client\logic\actor\tank\player_tank.cpp">
      <Filter>Source Files</Filter>
    </ClCompile>
    <ClCompile Include="source\client\logic\actor\tank\player_bullet.cpp">
      <Filter>Source Files</Filter>
    </ClCompile>
    <ClCompile Include="source\client\logic\actor\tank\enemy_tank.cpp">
      <Filter>Source Files</Filter>
    </ClCompile>
    <ClCompile Include="source\client\logic\actor\tank\enemy_bullet.cpp">
      <Filter>Source Files</Filter>
    </ClCompile>
    <ClCompile Include="source\client\logic\actor\terrain\bound.cpp">
      <Filter>Source Files</Filter>
    </ClCompile>
    <ClCompile Include="source\client\logic\actor\terrain\brick.cpp">
      <Filter>Source Files</Filter>
    </ClCompile>
    <ClCompile Include="source\client\logic\actor\terrain\ice.cpp">
      <Filter>Source Files</Filter>
    </ClCompile>
    <ClCompile Include="source\client\logic\actor\terrain\tree.cpp">
      <Filter>Source Files</Filter>
    </ClCompile>
    <ClCompile Include="source\client\logic\actor\terrain\water.cpp">
      <Filter>Source Files</Filter>
    </ClCompile>
    <ClCompile Include="source\client\logic\actor\terrain\steel.cpp">
      <Filter>Source Files</Filter>
    </ClCompile>
    <ClCompile Include="source\client\logic\actor\game_master.cpp">
      <Filter>Source Files</Filter>
    </ClCompile>
    <ClCompile Include="source\client\logic\actor\headquarter.cpp">
      <Filter>Source Files</Filter>
    </ClCompile>
    <ClCompile Include="source\client\framework\game_object\remote_object.cpp">
      <Filter>Source Files</Filter>
    </ClCompile>
    <ClCompile Include="source\client\logic\actor\sample_actor.cpp">
      <Filter>Source Files</Filter>
    </ClCompile>
    <ClCompile Include="source\client\framework\tick\client_tick_counter.cpp">
      <Filter>Source Files</Filter>
    </ClCompile>
    <ClCompile Include="source\client\logic\actor\pick_up\bomb.cpp">
      <Filter>Source Files</Filter>
    </ClCompile>
    <ClCompile Include="source\client\logic\actor\pick_up\extra_life.cpp">
      <Filter>Source Files</Filter>
    </ClCompile>
    <ClCompile Include="source\client\logic\actor\pick_up\fence.cpp">
      <Filter>Source Files</Filter>
    </ClCompile>
    <ClCompile Include="source\client\logic\actor\pick_up\freeze.cpp">
      <Filter>Source Files</Filter>
    </ClCompile>
    <ClCompile Include="source\client\logic\actor\pick_up\power_up.cpp">
      <Filter>Source Files</Filter>
    </ClCompile>
    <ClCompile Include="source\client\logic\actor\pick_up\shield.cpp">
      <Filter>Source Files</Filter>
    </ClCompile>
    <ClCompile Include="source\client\logic\actor\tank\bullet.cpp">
      <Filter>Source Files</Filter>
    </ClCompile>
    <ClCompile Include="source\client\logic\actor\tank\tank.cpp">
      <Filter>Source Files</Filter>
    </ClCompile>
  </ItemGroup>
  <ItemGroup>
    <ClInclude Include="include\client\client.h">
      <Filter>Header Files</Filter>
    </ClInclude>
    <ClInclude Include="include\client\client_scene.h">
      <Filter>Header Files</Filter>
    </ClInclude>
    <ClInclude Include="include\client\client_object.h">
      <Filter>Header Files</Filter>
    </ClInclude>
    <ClInclude Include="include\game_client.h">
      <Filter>Header Files</Filter>
    </ClInclude>
    <ClInclude Include="include\lobby_scene.h">
      <Filter>Header Files</Filter>
    </ClInclude>
    <ClInclude Include="include\play_scene.h">
      <Filter>Header Files</Filter>
    </ClInclude>
    <ClInclude Include="include\actor\game_master.h">
      <Filter>Header Files</Filter>
    </ClInclude>
    <ClInclude Include="include\actor\headquarter.h">
      <Filter>Header Files</Filter>
    </ClInclude>
    <ClInclude Include="include\actor\terrain\brick.h">
      <Filter>Header Files</Filter>
    </ClInclude>
    <ClInclude Include="include\actor\terrain\block.h">
      <Filter>Header Files</Filter>
    </ClInclude>
    <ClInclude Include="include\actor\terrain\tree.h">
      <Filter>Header Files</Filter>
    </ClInclude>
    <ClInclude Include="include\actor\terrain\water.h">
      <Filter>Header Files</Filter>
    </ClInclude>
    <ClInclude Include="include\actor\terrain\ice.h">
      <Filter>Header Files</Filter>
    </ClInclude>
    <ClInclude Include="include\actor\tank\player_tank.h">
      <Filter>Header Files</Filter>
    </ClInclude>
    <ClInclude Include="include\actor\tank\enemy_tank.h">
      <Filter>Header Files</Filter>
    </ClInclude>
    <ClInclude Include="include\actor\pick_up\power_up.h">
      <Filter>Header Files</Filter>
    </ClInclude>
    <ClInclude Include="include\actor\pick_up\shield.h">
      <Filter>Header Files</Filter>
    </ClInclude>
    <ClInclude Include="include\actor\pick_up\bomb.h">
      <Filter>Header Files</Filter>
    </ClInclude>
    <ClInclude Include="include\actor\pick_up\fence.h">
      <Filter>Header Files</Filter>
    </ClInclude>
    <ClInclude Include="include\actor\pick_up\extra_life.h">
      <Filter>Header Files</Filter>
    </ClInclude>
    <ClInclude Include="include\actor\pick_up\freeze.h">
      <Filter>Header Files</Filter>
    </ClInclude>
    <ClInclude Include="include\actor\tank\player_bullet.h">
      <Filter>Header Files</Filter>
    </ClInclude>
    <ClInclude Include="include\actor\tank\enemy_bullet.h">
      <Filter>Header Files</Filter>
    </ClInclude>
    <ClInclude Include="include\client\logic\actor\tank\enemy_bullet.h">
      <Filter>Header Files</Filter>
    </ClInclude>
    <ClInclude Include="include\client\logic\actor\tank\enemy_tank.h">
      <Filter>Header Files</Filter>
    </ClInclude>
    <ClInclude Include="include\client\logic\actor\tank\player_bullet.h">
      <Filter>Header Files</Filter>
    </ClInclude>
    <ClInclude Include="include\client\logic\actor\tank\player_tank.h">
      <Filter>Header Files</Filter>
    </ClInclude>
    <ClInclude Include="include\client\logic\actor\terrain\bound.h">
      <Filter>Header Files</Filter>
    </ClInclude>
    <ClInclude Include="include\client\logic\actor\terrain\brick.h">
      <Filter>Header Files</Filter>
    </ClInclude>
    <ClInclude Include="include\client\logic\actor\terrain\ice.h">
      <Filter>Header Files</Filter>
    </ClInclude>
    <ClInclude Include="include\client\logic\actor\terrain\tree.h">
      <Filter>Header Files</Filter>
    </ClInclude>
    <ClInclude Include="include\client\logic\actor\terrain\water.h">
      <Filter>Header Files</Filter>
    </ClInclude>
    <ClInclude Include="include\client\logic\actor\game_master.h">
      <Filter>Header Files</Filter>
    </ClInclude>
    <ClInclude Include="include\client\logic\actor\headquarter.h">
      <Filter>Header Files</Filter>
    </ClInclude>
    <ClInclude Include="include\client\framework\network\client.h">
      <Filter>Header Files</Filter>
    </ClInclude>
    <ClInclude Include="include\client\framework\network\client_object.h">
      <Filter>Header Files</Filter>
    </ClInclude>
    <ClInclude Include="include\client\framework\network\client_scene.h">
      <Filter>Header Files</Filter>
    </ClInclude>
    <ClInclude Include="include\client\lobby_scene.h">
      <Filter>Header Files</Filter>
    </ClInclude>
    <ClInclude Include="include\client\play_scene.h">
      <Filter>Header Files</Filter>
    </ClInclude>
    <ClInclude Include="include\client\game_client.h">
      <Filter>Header Files</Filter>
    </ClInclude>
    <ClInclude Include="include\client\logic\actor\terrain\steel.h">
      <Filter>Header Files</Filter>
    </ClInclude>
    <ClInclude Include="include\client\framework\game_object\remote_object.h">
      <Filter>Header Files</Filter>
    </ClInclude>
    <ClInclude Include="include\client\logic\actor\sample_actor.h">
      <Filter>Header Files</Filter>
    </ClInclude>
    <ClInclude Include="include\client\framework\tick\client_tick_counter.h">
      <Filter>Header Files</Filter>
    </ClInclude>
    <ClInclude Include="include\client\logic\actor\pick_up\shield.h">
      <Filter>Header Files</Filter>
    </ClInclude>
    <ClInclude Include="include\client\logic\actor\pick_up\bomb.h">
      <Filter>Header Files</Filter>
    </ClInclude>
    <ClInclude Include="include\client\logic\actor\pick_up\extra_life.h">
      <Filter>Header Files</Filter>
    </ClInclude>
    <ClInclude Include="include\client\logic\actor\pick_up\fence.h">
      <Filter>Header Files</Filter>
    </ClInclude>
    <ClInclude Include="include\client\logic\actor\pick_up\freeze.h">
      <Filter>Header Files</Filter>
    </ClInclude>
    <ClInclude Include="include\client\logic\actor\pick_up\power_up.h">
      <Filter>Header Files</Filter>
    </ClInclude>
    <ClInclude Include="include\client\framework\framework.h">
      <Filter>Header Files</Filter>
    </ClInclude>
    <ClInclude Include="include\client\logic\logic.h">
      <Filter>Header Files</Filter>
    </ClInclude>
    <ClInclude Include="include\client\logic\actor\tank\bullet.h">
      <Filter>Header Files</Filter>
    </ClInclude>
    <ClInclude Include="include\client\logic\actor\tank\tank.h">
      <Filter>Header Files</Filter>
    </ClInclude>
  </ItemGroup>
  <ItemGroup>
    <None Include="data\scene\play.json" />
    <None Include="data\scene\lobby.json" />
    <None Include="data\game_data.json" />
  </ItemGroup>
</Project>