<?xml version="1.0" encoding="utf-8"?>
<Project ToolsVersion="4.0" xmlns="http://schemas.microsoft.com/developer/msbuild/2003">
  <ItemGroup>
    <Filter Include="Source Files">
      <UniqueIdentifier>{4FC737F1-C7A5-4376-A066-2A32D752A2FF}</UniqueIdentifier>
      <Extensions>cpp;c;cc;cxx;c++;cppm;ixx;def;odl;idl;hpj;bat;asm;asmx</Extensions>
    </Filter>
    <Filter Include="Header Files">
      <UniqueIdentifier>{93995380-89BD-4b04-88EB-625FBE52EBFB}</UniqueIdentifier>
      <Extensions>h;hh;hpp;hxx;h++;hm;inl;inc;ipp;xsd</Extensions>
    </Filter>
    <Filter Include="Resource Files">
      <UniqueIdentifier>{67DA6AB6-F800-4c08-8B7A-83BB121AAD01}</UniqueIdentifier>
      <Extensions>rc;ico;cur;bmp;dlg;rc2;rct;bin;rgs;gif;jpg;jpeg;jpe;resx;tiff;tif;png;wav;mfcribbon-ms</Extensions>
    </Filter>
  </ItemGroup>
  <ItemGroup>
    <ClInclude Include="include\engine\core\interpolatable.h">
      <Filter>Header Files</Filter>
    </ClInclude>
    <ClInclude Include="include\engine\core\update\updatable_manager.h">
      <Filter>Header Files</Filter>
    </ClInclude>
    <ClInclude Include="include\command\move.h">
      <Filter>Header Files</Filter>
    </ClInclude>
    <ClInclude Include="include\command\shoot.h">
      <Filter>Header Files</Filter>
    </ClInclude>
    <ClInclude Include="include\record\game_master_record.h">
      <Filter>Header Files</Filter>
    </ClInclude>
    <ClInclude Include="include\record\headquarter_record.h">
      <Filter>Header Files</Filter>
    </ClInclude>
    <ClInclude Include="include\record\tank\player_tank_record.h">
      <Filter>Header Files</Filter>
    </ClInclude>
    <ClInclude Include="include\record\tank\player_bullet_record.h">
      <Filter>Header Files</Filter>
    </ClInclude>
    <ClInclude Include="include\record\tank\enemy_bullet_record.h">
      <Filter>Header Files</Filter>
    </ClInclude>
    <ClInclude Include="include\event\bomb_activate_event.h">
      <Filter>Header Files</Filter>
    </ClInclude>
    <ClInclude Include="include\event\freeze_activate_event.h">
      <Filter>Header Files</Filter>
    </ClInclude>
    <ClInclude Include="include\event\extra_life_activate_event.h">
      <Filter>Header Files</Filter>
    </ClInclude>
    <ClInclude Include="include\event\spawn_pick_up_event.h">
      <Filter>Header Files</Filter>
    </ClInclude>
    <ClInclude Include="include\event\power_up_activate_event.h">
      <Filter>Header Files</Filter>
    </ClInclude>
    <ClInclude Include="include\event\shield_activate_event.h">
      <Filter>Header Files</Filter>
    </ClInclude>
    <ClInclude Include="include\event\tank_shot_event.h">
      <Filter>Header Files</Filter>
    </ClInclude>
    <ClInclude Include="include\event\fence_activate_event.h">
      <Filter>Header Files</Filter>
    </ClInclude>
    <ClInclude Include="include\record\tank\enemy_tank_record.h">
      <Filter>Header Files</Filter>
    </ClInclude>
    <ClInclude Include="include\actor\tank.h">
      <Filter>Header Files</Filter>
    </ClInclude>
    <ClInclude Include="include\actor\bullet.h">
      <Filter>Header Files</Filter>
    </ClInclude>
    <ClInclude Include="include\event\terrain_shot_event.h">
      <Filter>Header Files</Filter>
    </ClInclude>
    <ClInclude Include="include\record\terrain\brick.h">
      <Filter>Header Files</Filter>
    </ClInclude>
    <ClInclude Include="include\record\terrain\steel.h">
      <Filter>Header Files</Filter>
    </ClInclude>
    <ClInclude Include="include\record\pick_up\power_up.h">
      <Filter>Header Files</Filter>
    </ClInclude>
    <ClInclude Include="include\record\pick_up\freeze.h">
      <Filter>Header Files</Filter>
    </ClInclude>
    <ClInclude Include="include\record\pick_up\fence.h">
      <Filter>Header Files</Filter>
    </ClInclude>
    <ClInclude Include="include\record\pick_up\shield.h">
      <Filter>Header Files</Filter>
    </ClInclude>
    <ClInclude Include="include\record\pick_up\extra_life.h">
      <Filter>Header Files</Filter>
    </ClInclude>
    <ClInclude Include="include\record\pick_up\bomb.h">
      <Filter>Header Files</Filter>
    </ClInclude>
    <ClInclude Include="include\engine\component\audio\music.h">
      <Filter>Header Files</Filter>
    </ClInclude>
    <ClInclude Include="include\engine\component\audio\sound.h">
      <Filter>Header Files</Filter>
    </ClInclude>
    <ClInclude Include="include\engine\component\input\ai_control.h">
      <Filter>Header Files</Filter>
    </ClInclude>
    <ClInclude Include="include\engine\component\input\player_control.h">
      <Filter>Header Files</Filter>
    </ClInclude>
    <ClInclude Include="include\engine\component\render\interpolatable.h">
      <Filter>Header Files</Filter>
    </ClInclude>
    <ClInclude Include="include\engine\component\render\animation.h">
      <Filter>Header Files</Filter>
    </ClInclude>
    <ClInclude Include="include\engine\component\render\sprite.h">
      <Filter>Header Files</Filter>
    </ClInclude>
    <ClInclude Include="include\engine\component\render\text.h">
      <Filter>Header Files</Filter>
    </ClInclude>
    <ClInclude Include="include\common.h">
      <Filter>Header Files</Filter>
    </ClInclude>
    <ClInclude Include="include\define.h">
      <Filter>Header Files</Filter>
    </ClInclude>
    <ClInclude Include="include\engine\framework\render\textures.h">
      <Filter>Header Files</Filter>
    </ClInclude>
    <ClInclude Include="include\engine\framework\render\sprites.h">
      <Filter>Header Files</Filter>
    </ClInclude>
    <ClInclude Include="include\engine\framework\render\texts.h">
      <Filter>Header Files</Filter>
    </ClInclude>
    <ClInclude Include="include\engine\framework\render\text_fonts.h">
      <Filter>Header Files</Filter>
    </ClInclude>
    <ClInclude Include="include\engine\framework\command\command.h">
      <Filter>Header Files</Filter>
    </ClInclude>
    <ClInclude Include="include\engine\framework\command\command_manager.h">
      <Filter>Header Files</Filter>
    </ClInclude>
    <ClInclude Include="include\engine\framework\command\commandable.h">
      <Filter>Header Files</Filter>
    </ClInclude>
    <ClInclude Include="include\engine\framework\event\event.h">
      <Filter>Header Files</Filter>
    </ClInclude>
    <ClInclude Include="include\engine\framework\event\event_manager.h">
      <Filter>Header Files</Filter>
    </ClInclude>
    <ClInclude Include="include\engine\framework\event\event_receiver.h">
      <Filter>Header Files</Filter>
    </ClInclude>
    <ClInclude Include="include\engine\framework\event\event_sender.h">
      <Filter>Header Files</Filter>
    </ClInclude>
    <ClInclude Include="include\engine\framework\game_object\game_object.h">
      <Filter>Header Files</Filter>
    </ClInclude>
    <ClInclude Include="include\engine\framework\game_object\game_object_manager.h">
      <Filter>Header Files</Filter>
    </ClInclude>
    <ClInclude Include="include\engine\framework\input\input_handler.h">
      <Filter>Header Files</Filter>
    </ClInclude>
    <ClInclude Include="include\engine\framework\input\input_manager.h">
      <Filter>Header Files</Filter>
    </ClInclude>
    <ClInclude Include="include\engine\framework\network\connection.h">
      <Filter>Header Files</Filter>
    </ClInclude>
    <ClInclude Include="include\engine\framework\network\ip_endpoint.h">
      <Filter>Header Files</Filter>
    </ClInclude>
    <ClInclude Include="include\engine\framework\game_object\network_object.h">
      <Filter>Header Files</Filter>
    </ClInclude>
    <ClInclude Include="include\engine\framework\game_object\network_object_manager.h">
      <Filter>Header Files</Filter>
    </ClInclude>
    <ClInclude Include="include\engine\framework\network\packet.h">
      <Filter>Header Files</Filter>
    </ClInclude>
    <ClInclude Include="include\engine\framework\network\packet_manager.h">
      <Filter>Header Files</Filter>
    </ClInclude>
    <ClInclude Include="include\engine\framework\network\socket.h">
      <Filter>Header Files</Filter>
    </ClInclude>
    <ClInclude Include="include\engine\framework\physics\body.h">
      <Filter>Header Files</Filter>
    </ClInclude>
    <ClInclude Include="include\engine\framework\physics\world.h">
      <Filter>Header Files</Filter>
    </ClInclude>
    <ClInclude Include="include\engine\framework\render\render_manager.h">
      <Filter>Header Files</Filter>
    </ClInclude>
    <ClInclude Include="include\engine\framework\render\renderable.h">
      <Filter>Header Files</Filter>
    </ClInclude>
    <ClInclude Include="include\engine\framework\scene\scene.h">
      <Filter>Header Files</Filter>
    </ClInclude>
    <ClInclude Include="include\engine\framework\scene\scene_manager.h">
      <Filter>Header Files</Filter>
    </ClInclude>
    <ClInclude Include="include\engine\framework\update\updatable.h">
      <Filter>Header Files</Filter>
    </ClInclude>
    <ClInclude Include="include\engine\framework\update\update_manager.h">
      <Filter>Header Files</Filter>
    </ClInclude>
    <ClInclude Include="include\engine\framework\game\game.h">
      <Filter>Header Files</Filter>
    </ClInclude>
    <ClInclude Include="include\engine\framework\player\player_control.h">
      <Filter>Header Files</Filter>
    </ClInclude>
    <ClInclude Include="include\engine\framework\tick\tick_counter.h">
      <Filter>Header Files</Filter>
    </ClInclude>
    <ClInclude Include="include\engine\framework\audio\musics.h">
      <Filter>Header Files</Filter>
    </ClInclude>
    <ClInclude Include="include\engine\framework\audio\sound_buffers.h">
      <Filter>Header Files</Filter>
    </ClInclude>
    <ClInclude Include="include\engine\framework\audio\sounds.h">
      <Filter>Header Files</Filter>
    </ClInclude>
    <ClInclude Include="include\engine\framework\render\animations.h">
      <Filter>Header Files</Filter>
    </ClInclude>
    <ClInclude Include="include\engine\engine.h">
      <Filter>Header Files</Filter>
    </ClInclude>
    <ClInclude Include="include\engine\framework\framework.h">
      <Filter>Header Files</Filter>
    </ClInclude>
  </ItemGroup>
  <ItemGroup>
    <ClCompile Include="source\engine\framework\render\textures.cpp">
      <Filter>Source Files</Filter>
    </ClCompile>
    <ClCompile Include="source\engine\framework\render\sprites.cpp">
      <Filter>Source Files</Filter>
    </ClCompile>
    <ClCompile Include="source\engine\framework\render\texts.cpp">
      <Filter>Source Files</Filter>
    </ClCompile>
    <ClCompile Include="source\engine\framework\render\text_fonts.cpp">
      <Filter>Source Files</Filter>
    </ClCompile>
    <ClCompile Include="source\engine\framework\command\command_manager.cpp">
      <Filter>Source Files</Filter>
    </ClCompile>
    <ClCompile Include="source\engine\framework\command\commandable.cpp">
      <Filter>Source Files</Filter>
    </ClCompile>
    <ClCompile Include="source\engine\framework\event\event.cpp">
      <Filter>Source Files</Filter>
    </ClCompile>
    <ClCompile Include="source\engine\framework\event\event_manager.cpp">
      <Filter>Source Files</Filter>
    </ClCompile>
    <ClCompile Include="source\engine\framework\event\event_receiver.cpp">
      <Filter>Source Files</Filter>
    </ClCompile>
    <ClCompile Include="source\engine\framework\event\event_sender.cpp">
      <Filter>Source Files</Filter>
    </ClCompile>
    <ClCompile Include="source\engine\framework\game_object\game_object.cpp">
      <Filter>Source Files</Filter>
    </ClCompile>
    <ClCompile Include="source\engine\framework\game_object\game_object_manager.cpp">
      <Filter>Source Files</Filter>
    </ClCompile>
    <ClCompile Include="source\engine\framework\input\input_handler.cpp">
      <Filter>Source Files</Filter>
    </ClCompile>
    <ClCompile Include="source\engine\framework\input\input_manager.cpp">
      <Filter>Source Files</Filter>
    </ClCompile>
    <ClCompile Include="source\engine\framework\network\connection.cpp">
      <Filter>Source Files</Filter>
    </ClCompile>
    <ClCompile Include="source\engine\framework\network\ip_endpoint.cpp">
      <Filter>Source Files</Filter>
    </ClCompile>
    <ClCompile Include="source\engine\framework\game_object\network_object.cpp">
      <Filter>Source Files</Filter>
    </ClCompile>
    <ClCompile Include="source\engine\framework\game_object\network_object_manager.cpp">
      <Filter>Source Files</Filter>
    </ClCompile>
    <ClCompile Include="source\engine\framework\network\packet.cpp">
      <Filter>Source Files</Filter>
    </ClCompile>
    <ClCompile Include="source\engine\framework\network\packet_manager.cpp">
      <Filter>Source Files</Filter>
    </ClCompile>
    <ClCompile Include="source\engine\framework\network\socket.cpp">
      <Filter>Source Files</Filter>
    </ClCompile>
    <ClCompile Include="source\engine\framework\physics\body.cpp">
      <Filter>Source Files</Filter>
    </ClCompile>
    <ClCompile Include="source\engine\framework\physics\world.cpp">
      <Filter>Source Files</Filter>
    </ClCompile>
    <ClCompile Include="source\engine\framework\render\render_manager.cpp">
      <Filter>Source Files</Filter>
    </ClCompile>
    <ClCompile Include="source\engine\framework\render\renderable.cpp">
      <Filter>Source Files</Filter>
    </ClCompile>
    <ClCompile Include="source\engine\framework\scene\scene.cpp">
      <Filter>Source Files</Filter>
    </ClCompile>
    <ClCompile Include="source\engine\framework\scene\scene_manager.cpp">
      <Filter>Source Files</Filter>
    </ClCompile>
    <ClCompile Include="source\engine\framework\update\updatable.cpp">
      <Filter>Source Files</Filter>
    </ClCompile>
    <ClCompile Include="source\engine\framework\update\update_manager.cpp">
      <Filter>Source Files</Filter>
    </ClCompile>
    <ClCompile Include="source\engine\framework\game\game.cpp">
      <Filter>Source Files</Filter>
    </ClCompile>
    <ClCompile Include="source\engine\framework\tick\tick_counter.cpp">
      <Filter>Source Files</Filter>
    </ClCompile>
    <ClCompile Include="source\engine\framework\player\player_control.cpp">
      <Filter>Source Files</Filter>
    </ClCompile>
    <ClCompile Include="source\engine\framework\audio\musics.cpp">
      <Filter>Source Files</Filter>
    </ClCompile>
    <ClCompile Include="source\engine\framework\audio\sound_buffers.cpp">
      <Filter>Source Files</Filter>
    </ClCompile>
    <ClCompile Include="source\engine\framework\audio\sounds.cpp">
      <Filter>Source Files</Filter>
    </ClCompile>
    <ClCompile Include="source\engine\framework\render\animations.cpp">
      <Filter>Source Files</Filter>
    </ClCompile>
  </ItemGroup>
</Project>