<?xml version="1.0" encoding="utf-8"?>
<Project ToolsVersion="4.0" xmlns="http://schemas.microsoft.com/developer/msbuild/2003">
  <ItemGroup>
    <Filter Include="Source Files">
      <UniqueIdentifier>{4FC737F1-C7A5-4376-A066-2A32D752A2FF}</UniqueIdentifier>
      <Extensions>cpp;c;cc;cxx;c++;cppm;ixx;def;odl;idl;hpj;bat;asm;asmx</Extensions>
    </Filter>
    <Filter Include="Header Files">
      <UniqueIdentifier>{93995380-89BD-4b04-88EB-625FBE52EBFB}</UniqueIdentifier>
      <Extensions>h;hh;hpp;hxx;h++;hm;inl;inc;ipp;xsd</Extensions>
    </Filter>
    <Filter Include="Resource Files">
      <UniqueIdentifier>{67DA6AB6-F800-4c08-8B7A-83BB121AAD01}</UniqueIdentifier>
      <Extensions>rc;ico;cur;bmp;dlg;rc2;rct;bin;rgs;gif;jpg;jpeg;jpe;resx;tiff;tif;png;wav;mfcribbon-ms</Extensions>
    </Filter>
  </ItemGroup>
  <ItemGroup>
    <None Include="data\game_data.json" />
    <None Include="data\scene\level_1.json" />
    <None Include="data\scene\level_2.json" />
    <None Include="data\scene\lobby.json" />
    <None Include="data\actor\tank\player_tank_1.json" />
    <None Include="data\actor\tank\player_tank_2.json" />
    <None Include="data\actor\tank\bullet.json" />
    <None Include="data\actor\tank\basic_tank.json" />
    <None Include="data\actor\tank\fast_tank.json" />
    <None Include="data\actor\tank\armor_tank.json" />
    <None Include="data\actor\tank\power_tank.json" />
    <None Include="data\actor\pick_up\bomb.json" />
    <None Include="data\actor\pick_up\shield.json" />
    <None Include="data\actor\pick_up\fence.json" />
    <None Include="data\actor\pick_up\power_up.json" />
    <None Include="data\actor\pick_up\extra_life.json" />
    <None Include="data\actor\pick_up\freeze.json" />
    <None Include="data\actor\terrain\brick.json" />
    <None Include="data\actor\terrain\steel.json" />
    <None Include="data\actor\terrain\tree.json" />
    <None Include="data\actor\terrain\water.json" />
    <None Include="data\actor\terrain\ice.json" />
    <None Include="data\actor\game_master.json" />
    <None Include="data\actor\headquarter.json" />
  </ItemGroup>
  <ItemGroup>
    <ClInclude Include="include\server\game_server.h">
      <Filter>Header Files</Filter>
    </ClInclude>
    <ClInclude Include="include\server\framework\network\server.h">
      <Filter>Header Files</Filter>
    </ClInclude>
    <ClInclude Include="include\server\framework\network\server_object.h">
      <Filter>Header Files</Filter>
    </ClInclude>
    <ClInclude Include="include\server\framework\network\server_scene.h">
      <Filter>Header Files</Filter>
    </ClInclude>
    <ClInclude Include="include\server\framework\record\record.h">
      <Filter>Header Files</Filter>
    </ClInclude>
    <ClInclude Include="include\server\framework\record\record_manager.h">
      <Filter>Header Files</Filter>
    </ClInclude>
    <ClInclude Include="include\server\framework\record\recordable.h">
      <Filter>Header Files</Filter>
    </ClInclude>
    <ClInclude Include="include\server\lobby_scene.h">
      <Filter>Header Files</Filter>
    </ClInclude>
    <ClInclude Include="include\server\play_scene.h">
      <Filter>Header Files</Filter>
    </ClInclude>
    <ClInclude Include="include\server\logic\event\headquarter_destroyed_event.h">
      <Filter>Header Files</Filter>
    </ClInclude>
    <ClInclude Include="include\server\logic\event\player_tank_destroyed_event.h">
      <Filter>Header Files</Filter>
    </ClInclude>
    <ClInclude Include="include\server\logic\actor\game_master.h">
      <Filter>Header Files</Filter>
    </ClInclude>
    <ClInclude Include="include\server\logic\actor\headquarter.h">
      <Filter>Header Files</Filter>
    </ClInclude>
    <ClInclude Include="include\server\logic\record\game_master_record.h">
      <Filter>Header Files</Filter>
    </ClInclude>
    <ClInclude Include="include\server\logic\record\headquarter_record.h">
      <Filter>Header Files</Filter>
    </ClInclude>
    <ClInclude Include="include\server\logic\record\tank\enemy_bullet_record.h">
      <Filter>Header Files</Filter>
    </ClInclude>
    <ClInclude Include="include\server\logic\record\tank\enemy_tank_record.h">
      <Filter>Header Files</Filter>
    </ClInclude>
    <ClInclude Include="include\server\logic\record\tank\player_bullet_record.h">
      <Filter>Header Files</Filter>
    </ClInclude>
    <ClInclude Include="include\server\logic\record\tank\player_tank_record.h">
      <Filter>Header Files</Filter>
    </ClInclude>
    <ClInclude Include="include\server\logic\record\terrain\brick_record.h">
      <Filter>Header Files</Filter>
    </ClInclude>
    <ClInclude Include="include\server\logic\record\terrain\steel_record.h">
      <Filter>Header Files</Filter>
    </ClInclude>
    <ClInclude Include="include\server\logic\actor\sample_actor.h">
      <Filter>Header Files</Filter>
    </ClInclude>
    <ClInclude Include="include\server\logic\actor\tank\enemy_bullet.h">
      <Filter>Header Files</Filter>
    </ClInclude>
    <ClInclude Include="include\server\logic\actor\tank\enemy_tank.h">
      <Filter>Header Files</Filter>
    </ClInclude>
    <ClInclude Include="include\server\logic\actor\tank\enemy_tank_spawner.h">
      <Filter>Header Files</Filter>
    </ClInclude>
    <ClInclude Include="include\server\logic\actor\tank\player_bullet.h">
      <Filter>Header Files</Filter>
    </ClInclude>
    <ClInclude Include="include\server\logic\actor\tank\player_tank.h">
      <Filter>Header Files</Filter>
    </ClInclude>
    <ClInclude Include="include\server\logic\actor\tank\player_tank_spawner.h">
      <Filter>Header Files</Filter>
    </ClInclude>
    <ClInclude Include="include\server\logic\actor\terrain\steel.h">
      <Filter>Header Files</Filter>
    </ClInclude>
    <ClInclude Include="include\server\logic\actor\terrain\bound.h">
      <Filter>Header Files</Filter>
    </ClInclude>
    <ClInclude Include="include\server\logic\actor\terrain\brick.h">
      <Filter>Header Files</Filter>
    </ClInclude>
    <ClInclude Include="include\server\logic\actor\terrain\ice.h">
      <Filter>Header Files</Filter>
    </ClInclude>
    <ClInclude Include="include\server\logic\actor\terrain\tree.h">
      <Filter>Header Files</Filter>
    </ClInclude>
    <ClInclude Include="include\server\logic\actor\terrain\water.h">
      <Filter>Header Files</Filter>
    </ClInclude>
    <ClInclude Include="include\server\framework\tick\server_tick_counter.h">
      <Filter>Header Files</Filter>
    </ClInclude>
    <ClInclude Include="include\server\framework\player\player_manager.h">
      <Filter>Header Files</Filter>
    </ClInclude>
    <ClInclude Include="include\server\logic\event\enemy_tank_destroyed_event.h">
      <Filter>Header Files</Filter>
    </ClInclude>
    <ClInclude Include="include\server\logic\actor\pick_up\bomb.h">
      <Filter>Header Files</Filter>
    </ClInclude>
    <ClInclude Include="include\server\logic\actor\pick_up\extra_life.h">
      <Filter>Header Files</Filter>
    </ClInclude>
    <ClInclude Include="include\server\logic\actor\pick_up\fence.h">
      <Filter>Header Files</Filter>
    </ClInclude>
    <ClInclude Include="include\server\logic\actor\pick_up\freeze.h">
      <Filter>Header Files</Filter>
    </ClInclude>
    <ClInclude Include="include\server\logic\actor\pick_up\pick_up_spawnable.h">
      <Filter>Header Files</Filter>
    </ClInclude>
    <ClInclude Include="include\server\logic\actor\pick_up\pick_up_spawner.h">
      <Filter>Header Files</Filter>
    </ClInclude>
    <ClInclude Include="include\server\logic\actor\pick_up\power_up.h">
      <Filter>Header Files</Filter>
    </ClInclude>
    <ClInclude Include="include\server\logic\actor\pick_up\shield.h">
      <Filter>Header Files</Filter>
    </ClInclude>
    <ClInclude Include="include\server\logic\record\pick_up\bomb_record.h">
      <Filter>Header Files</Filter>
    </ClInclude>
    <ClInclude Include="include\server\logic\record\pick_up\extra_life_record.h">
      <Filter>Header Files</Filter>
    </ClInclude>
    <ClInclude Include="include\server\logic\record\pick_up\fence_record.h">
      <Filter>Header Files</Filter>
    </ClInclude>
    <ClInclude Include="include\server\logic\record\pick_up\freeze_record.h">
      <Filter>Header Files</Filter>
    </ClInclude>
    <ClInclude Include="include\server\logic\record\pick_up\power_up_record.h">
      <Filter>Header Files</Filter>
    </ClInclude>
    <ClInclude Include="include\server\logic\record\pick_up\shield_record.h">
      <Filter>Header Files</Filter>
    </ClInclude>
    <ClInclude Include="include\server\logic\event\bomb_activate_event.h">
      <Filter>Header Files</Filter>
    </ClInclude>
    <ClInclude Include="include\server\logic\event\extra_life_activate_event.h">
      <Filter>Header Files</Filter>
    </ClInclude>
    <ClInclude Include="include\server\logic\event\fence_activate_event.h">
      <Filter>Header Files</Filter>
    </ClInclude>
    <ClInclude Include="include\server\logic\event\freeze_activate_event.h">
      <Filter>Header Files</Filter>
    </ClInclude>
    <ClInclude Include="include\server\logic\event\power_up_activate_event.h">
      <Filter>Header Files</Filter>
    </ClInclude>
    <ClInclude Include="include\server\logic\event\shield_activate_event.h">
      <Filter>Header Files</Filter>
    </ClInclude>
    <ClInclude Include="include\server\logic\event\spawn_pick_up_event.h">
      <Filter>Header Files</Filter>
    </ClInclude>
    <ClInclude Include="include\server\framework\framework.h">
      <Filter>Header Files</Filter>
    </ClInclude>
    <ClInclude Include="include\server\logic\logic.h">
      <Filter>Header Files</Filter>
    </ClInclude>
    <ClInclude Include="include\server\logic\command\move_command.h">
      <Filter>Header Files</Filter>
    </ClInclude>
    <ClInclude Include="include\server\logic\command\shoot_command.h">
      <Filter>Header Files</Filter>
    </ClInclude>
    <ClInclude Include="include\server\logic\actor\terrain\fence_spawner.h">
      <Filter>Header Files</Filter>
    </ClInclude>
    <ClInclude Include="include\server\logic\actor\tank\bullet.h">
      <Filter>Header Files</Filter>
    </ClInclude>
    <ClInclude Include="include\server\logic\actor\tank\tank.h">
      <Filter>Header Files</Filter>
    </ClInclude>
    <ClInclude Include="include\server\logic\actor\tank\enemy_tank_spawnable.h">
      <Filter>Header Files</Filter>
    </ClInclude>
    <ClInclude Include="include\server\logic\actor\tank\player_tank_spawnable.h">
      <Filter>Header Files</Filter>
    </ClInclude>
    <ClInclude Include="include\server\logic\event\bullet_impact_event.h">
      <Filter>Header Files</Filter>
    </ClInclude>
  </ItemGroup>
  <ItemGroup>
    <ClCompile Include="source\main.cpp">
      <Filter>Source Files</Filter>
    </ClCompile>
    <ClCompile Include="source\server\framework\network\server.cpp">
      <Filter>Source Files</Filter>
    </ClCompile>
    <ClCompile Include="source\server\framework\network\server_scene.cpp">
      <Filter>Source Files</Filter>
    </ClCompile>
    <ClCompile Include="source\server\framework\record\record_manager.cpp">
      <Filter>Source Files</Filter>
    </ClCompile>
    <ClCompile Include="source\server\framework\record\recordable.cpp">
      <Filter>Source Files</Filter>
    </ClCompile>
    <ClCompile Include="source\server\lobby_scene.cpp">
      <Filter>Source Files</Filter>
    </ClCompile>
    <ClCompile Include="source\server\game_server.cpp">
      <Filter>Source Files</Filter>
    </ClCompile>
    <ClCompile Include="source\server\play_scene.cpp">
      <Filter>Source Files</Filter>
    </ClCompile>
    <ClCompile Include="source\server\logic\actor\game_master.cpp">
      <Filter>Source Files</Filter>
    </ClCompile>
    <ClCompile Include="source\server\logic\actor\headquarter.cpp">
      <Filter>Source Files</Filter>
    </ClCompile>
    <ClCompile Include="source\server\logic\actor\sample_actor.cpp">
      <Filter>Source Files</Filter>
    </ClCompile>
    <ClCompile Include="source\server\logic\actor\tank\enemy_bullet.cpp">
      <Filter>Source Files</Filter>
    </ClCompile>
    <ClCompile Include="source\server\logic\actor\tank\enemy_tank.cpp">
      <Filter>Source Files</Filter>
    </ClCompile>
    <ClCompile Include="source\server\logic\actor\tank\enemy_tank_spawner.cpp">
      <Filter>Source Files</Filter>
    </ClCompile>
    <ClCompile Include="source\server\logic\actor\tank\player_bullet.cpp">
      <Filter>Source Files</Filter>
    </ClCompile>
    <ClCompile Include="source\server\logic\actor\tank\player_tank.cpp">
      <Filter>Source Files</Filter>
    </ClCompile>
    <ClCompile Include="source\server\logic\actor\tank\player_tank_spawner.cpp">
      <Filter>Source Files</Filter>
    </ClCompile>
    <ClCompile Include="source\server\logic\actor\terrain\steel.cpp">
      <Filter>Source Files</Filter>
    </ClCompile>
    <ClCompile Include="source\server\logic\actor\terrain\bound.cpp">
      <Filter>Source Files</Filter>
    </ClCompile>
    <ClCompile Include="source\server\logic\actor\terrain\brick.cpp">
      <Filter>Source Files</Filter>
    </ClCompile>
    <ClCompile Include="source\server\logic\actor\terrain\ice.cpp">
      <Filter>Source Files</Filter>
    </ClCompile>
    <ClCompile Include="source\server\logic\actor\terrain\tree.cpp">
      <Filter>Source Files</Filter>
    </ClCompile>
    <ClCompile Include="source\server\logic\actor\terrain\water.cpp">
      <Filter>Source Files</Filter>
    </ClCompile>
    <ClCompile Include="source\server\framework\tick\server_tick_counter.cpp">
      <Filter>Source Files</Filter>
    </ClCompile>
    <ClCompile Include="source\server\framework\player\player_manager.cpp">
      <Filter>Source Files</Filter>
    </ClCompile>
    <ClCompile Include="source\server\logic\actor\pick_up\shield.cpp">
      <Filter>Source Files</Filter>
    </ClCompile>
    <ClCompile Include="source\server\logic\actor\pick_up\bomb.cpp">
      <Filter>Source Files</Filter>
    </ClCompile>
    <ClCompile Include="source\server\logic\actor\pick_up\extra_life.cpp">
      <Filter>Source Files</Filter>
    </ClCompile>
    <ClCompile Include="source\server\logic\actor\pick_up\fence.cpp">
      <Filter>Source Files</Filter>
    </ClCompile>
    <ClCompile Include="source\server\logic\actor\pick_up\freeze.cpp">
      <Filter>Source Files</Filter>
    </ClCompile>
    <ClCompile Include="source\server\logic\actor\pick_up\pick_up_spawnable.cpp">
      <Filter>Source Files</Filter>
    </ClCompile>
    <ClCompile Include="source\server\logic\actor\pick_up\pick_up_spawner.cpp">
      <Filter>Source Files</Filter>
    </ClCompile>
    <ClCompile Include="source\server\logic\actor\pick_up\power_up.cpp">
      <Filter>Source Files</Filter>
    </ClCompile>
    <ClCompile Include="source\server\logic\actor\tank\bullet.cpp">
      <Filter>Source Files</Filter>
    </ClCompile>
    <ClCompile Include="source\server\logic\actor\tank\tank.cpp">
      <Filter>Source Files</Filter>
    </ClCompile>
    <ClCompile Include="source\server\logic\actor\tank\enemy_tank_spawnable.cpp">
      <Filter>Source Files</Filter>
    </ClCompile>
    <ClCompile Include="source\server\logic\actor\tank\player_tank_spawnable.cpp">
      <Filter>Source Files</Filter>
    </ClCompile>
    <ClCompile Include="source\server\logic\actor\terrain\fence_spawner.cpp">
      <Filter>Source Files</Filter>
    </ClCompile>
  </ItemGroup>
</Project>